
Microsoft Visual Studio Solution File, Format Version 11.00
# Visual Studio 2010
Project("{FAE04EC0-301F-11D3-BF4B-00C04F79EFBC}") = "Assembly-CSharp", "Assembly-CSharp.csproj", "{95CA02C0-E8E6-EA43-7BD0-5DCEC2249A38}"
EndProject
Project("{FAE04EC0-301F-11D3-BF4B-00C04F79EFBC}") = "Assembly-CSharp-Editor", "Assembly-CSharp-Editor.csproj", "{2CEF6098-739F-ACE0-7B7A-AD94CC3EF86B}"
EndProject
Global
	GlobalSection(SolutionConfigurationPlatforms) = preSolution
		Debug|Any CPU = Debug|Any CPU
		Release|Any CPU = Release|Any CPU
	EndGlobalSection
	GlobalSection(ProjectConfigurationPlatforms) = postSolution
		{95CA02C0-E8E6-EA43-7BD0-5DCEC2249A38}.Debug|Any CPU.ActiveCfg = Debug|Any CPU
		{95CA02C0-E8E6-EA43-7BD0-5DCEC2249A38}.Debug|Any CPU.Build.0 = Debug|Any CPU
		{95CA02C0-E8E6-EA43-7BD0-5DCEC2249A38}.Release|Any CPU.ActiveCfg = Release|Any CPU
		{95CA02C0-E8E6-EA43-7BD0-5DCEC2249A38}.Release|Any CPU.Build.0 = Release|Any CPU
		{2CEF6098-739F-ACE0-7B7A-AD94CC3EF86B}.Debug|Any CPU.ActiveCfg = Debug|Any CPU
		{2CEF6098-739F-ACE0-7B7A-AD94CC3EF86B}.Debug|Any CPU.Build.0 = Debug|Any CPU
		{2CEF6098-739F-ACE0-7B7A-AD94CC3EF86B}.Release|Any CPU.ActiveCfg = Release|Any CPU
		{2CEF6098-739F-ACE0-7B7A-AD94CC3EF86B}.Release|Any CPU.Build.0 = Release|Any CPU
	EndGlobalSection
	GlobalSection(SolutionProperties) = preSolution
		HideSolutionNode = FALSE
	EndGlobalSection
EndGlobal
